
Microsoft Visual Studio Solution File, Format Version 12.00
# Visual Studio 15
VisualStudioVersion = 15.0.28307.1082
MinimumVisualStudioVersion = 10.0.40219.1
Project("{9A19103F-16F7-4668-BE54-9A1E7A4F7556}") = "MyGames.Web", "MyGames.Web\MyGames.Web.csproj", "{4D77F66D-7EAE-47FB-A340-4136116F139D}"
	ProjectSection(ProjectDependencies) = postProject
		{EF3674C4-E642-4EDC-8F04-A7F3EC18543D} = {EF3674C4-E642-4EDC-8F04-A7F3EC18543D}
	EndProjectSection
EndProject
Project("{9A19103F-16F7-4668-BE54-9A1E7A4F7556}") = "MyGames.API", "MyGames.API\MyGames.API.csproj", "{28699387-06F8-437A-AFB4-37CAF8D253D9}"
	ProjectSection(ProjectDependencies) = postProject
		{4A095936-B951-4065-A527-67451F6B1E40} = {4A095936-B951-4065-A527-67451F6B1E40}
		{EF3674C4-E642-4EDC-8F04-A7F3EC18543D} = {EF3674C4-E642-4EDC-8F04-A7F3EC18543D}
	EndProjectSection
EndProject
Project("{9A19103F-16F7-4668-BE54-9A1E7A4F7556}") = "MyGames.Data", "MyGames.Data\MyGames.Data.csproj", "{4A095936-B951-4065-A527-67451F6B1E40}"
EndProject
Project("{9A19103F-16F7-4668-BE54-9A1E7A4F7556}") = "MyGames.Object", "MyGames.Object\MyGames.Object.csproj", "{EF3674C4-E642-4EDC-8F04-A7F3EC18543D}"
EndProject
Global
	GlobalSection(SolutionConfigurationPlatforms) = preSolution
		Debug|Any CPU = Debug|Any CPU
		Release|Any CPU = Release|Any CPU
	EndGlobalSection
	GlobalSection(ProjectConfigurationPlatforms) = postSolution
		{4D77F66D-7EAE-47FB-A340-4136116F139D}.Debug|Any CPU.ActiveCfg = Debug|Any CPU
		{4D77F66D-7EAE-47FB-A340-4136116F139D}.Debug|Any CPU.Build.0 = Debug|Any CPU
		{4D77F66D-7EAE-47FB-A340-4136116F139D}.Release|Any CPU.ActiveCfg = Release|Any CPU
		{4D77F66D-7EAE-47FB-A340-4136116F139D}.Release|Any CPU.Build.0 = Release|Any CPU
		{28699387-06F8-437A-AFB4-37CAF8D253D9}.Debug|Any CPU.ActiveCfg = Debug|Any CPU
		{28699387-06F8-437A-AFB4-37CAF8D253D9}.Debug|Any CPU.Build.0 = Debug|Any CPU
		{28699387-06F8-437A-AFB4-37CAF8D253D9}.Release|Any CPU.ActiveCfg = Release|Any CPU
		{28699387-06F8-437A-AFB4-37CAF8D253D9}.Release|Any CPU.Build.0 = Release|Any CPU
		{4A095936-B951-4065-A527-67451F6B1E40}.Debug|Any CPU.ActiveCfg = Debug|Any CPU
		{4A095936-B951-4065-A527-67451F6B1E40}.Debug|Any CPU.Build.0 = Debug|Any CPU
		{4A095936-B951-4065-A527-67451F6B1E40}.Release|Any CPU.ActiveCfg = Release|Any CPU
		{4A095936-B951-4065-A527-67451F6B1E40}.Release|Any CPU.Build.0 = Release|Any CPU
		{EF3674C4-E642-4EDC-8F04-A7F3EC18543D}.Debug|Any CPU.ActiveCfg = Debug|Any CPU
		{EF3674C4-E642-4EDC-8F04-A7F3EC18543D}.Debug|Any CPU.Build.0 = Debug|Any CPU
		{EF3674C4-E642-4EDC-8F04-A7F3EC18543D}.Release|Any CPU.ActiveCfg = Release|Any CPU
		{EF3674C4-E642-4EDC-8F04-A7F3EC18543D}.Release|Any CPU.Build.0 = Release|Any CPU
	EndGlobalSection
	GlobalSection(SolutionProperties) = preSolution
		HideSolutionNode = FALSE
	EndGlobalSection
	GlobalSection(ExtensibilityGlobals) = postSolution
		SolutionGuid = {C2777CC6-848B-44A5-93D3-C8A9F1D869C4}
	EndGlobalSection
EndGlobal
